
Microsoft Visual Studio Solution File, Format Version 12.00
# Visual Studio Version 16
VisualStudioVersion = 16.0.31321.278
MinimumVisualStudioVersion = 10.0.40219.1
Project("{FAE04EC0-301F-11D3-BF4B-00C04F79EFBC}") = "Taller 2.5", "Taller 2\Taller 2.5.csproj", "{7E987940-1A9D-466E-935C-8F5D232D7A4B}"
EndProject
Global
	GlobalSection(SolutionConfigurationPlatforms) = preSolution
		Debug|Any CPU = Debug|Any CPU
		Release|Any CPU = Release|Any CPU
	EndGlobalSection
	GlobalSection(ProjectConfigurationPlatforms) = postSolution
		{7E987940-1A9D-466E-935C-8F5D232D7A4B}.Debug|Any CPU.ActiveCfg = Debug|Any CPU
		{7E987940-1A9D-466E-935C-8F5D232D7A4B}.Debug|Any CPU.Build.0 = Debug|Any CPU
		{7E987940-1A9D-466E-935C-8F5D232D7A4B}.Release|Any CPU.ActiveCfg = Release|Any CPU
		{7E987940-1A9D-466E-935C-8F5D232D7A4B}.Release|Any CPU.Build.0 = Release|Any CPU
	EndGlobalSection
	GlobalSection(SolutionProperties) = preSolution
		HideSolutionNode = FALSE
	EndGlobalSection
	GlobalSection(ExtensibilityGlobals) = postSolution
		SolutionGuid = {B9464B57-FC04-40DF-B555-1C73497234E7}
	EndGlobalSection
EndGlobal
